
Microsoft Visual Studio Solution File, Format Version 12.00
# Visual Studio Version 17
VisualStudioVersion = 17.4.33213.308
MinimumVisualStudioVersion = 10.0.40219.1
Project("{8BC9CEB8-8B4A-11D0-8D11-00A0C91BC942}") = "c8.c", "c8.c\c8.c.vcxproj", "{88B6733A-B111-4ED6-B5BB-61716201F4B7}"
EndProject
Project("{2150E333-8FDC-42A3-9474-1A3956D46DE8}") = "解决方案项", "解决方案项", "{3D8CBFD9-649B-4733-A7BA-77F75DBFD918}"
	ProjectSection(SolutionItems) = preProject
		Class1.cs = Class1.cs
	EndProjectSection
EndProject
Global
	GlobalSection(SolutionConfigurationPlatforms) = preSolution
		Debug|x64 = Debug|x64
		Debug|x86 = Debug|x86
		Release|x64 = Release|x64
		Release|x86 = Release|x86
	EndGlobalSection
	GlobalSection(ProjectConfigurationPlatforms) = postSolution
		{88B6733A-B111-4ED6-B5BB-61716201F4B7}.Debug|x64.ActiveCfg = Debug|x64
		{88B6733A-B111-4ED6-B5BB-61716201F4B7}.Debug|x64.Build.0 = Debug|x64
		{88B6733A-B111-4ED6-B5BB-61716201F4B7}.Debug|x86.ActiveCfg = Debug|Win32
		{88B6733A-B111-4ED6-B5BB-61716201F4B7}.Debug|x86.Build.0 = Debug|Win32
		{88B6733A-B111-4ED6-B5BB-61716201F4B7}.Release|x64.ActiveCfg = Release|x64
		{88B6733A-B111-4ED6-B5BB-61716201F4B7}.Release|x64.Build.0 = Release|x64
		{88B6733A-B111-4ED6-B5BB-61716201F4B7}.Release|x86.ActiveCfg = Release|Win32
		{88B6733A-B111-4ED6-B5BB-61716201F4B7}.Release|x86.Build.0 = Release|Win32
	EndGlobalSection
	GlobalSection(SolutionProperties) = preSolution
		HideSolutionNode = FALSE
	EndGlobalSection
	GlobalSection(ExtensibilityGlobals) = postSolution
		SolutionGuid = {3DD3D4D3-6D22-41CA-9D4C-C528E6E0980D}
	EndGlobalSection
EndGlobal
